
Microsoft Visual Studio Solution File, Format Version 12.00
# Visual Studio Version 16
VisualStudioVersion = 16.0.31605.320
MinimumVisualStudioVersion = 10.0.40219.1
Project("{8BC9CEB8-8B4A-11D0-8D11-00A0C91BC942}") = "3D-ASCII-Engine", "3D-ASCII-Engine\3D-ASCII-Engine.vcxproj", "{E05DD4DB-94E7-4DA7-95D2-A133AEC20534}"
EndProject
Global
	GlobalSection(SolutionConfigurationPlatforms) = preSolution
		Debug|x64 = Debug|x64
		Debug|x86 = Debug|x86
		Release|x64 = Release|x64
		Release|x86 = Release|x86
	EndGlobalSection
	GlobalSection(ProjectConfigurationPlatforms) = postSolution
		{E05DD4DB-94E7-4DA7-95D2-A133AEC20534}.Debug|x64.ActiveCfg = Debug|x64
		{E05DD4DB-94E7-4DA7-95D2-A133AEC20534}.Debug|x64.Build.0 = Debug|x64
		{E05DD4DB-94E7-4DA7-95D2-A133AEC20534}.Debug|x86.ActiveCfg = Debug|Win32
		{E05DD4DB-94E7-4DA7-95D2-A133AEC20534}.Debug|x86.Build.0 = Debug|Win32
		{E05DD4DB-94E7-4DA7-95D2-A133AEC20534}.Release|x64.ActiveCfg = Release|x64
		{E05DD4DB-94E7-4DA7-95D2-A133AEC20534}.Release|x64.Build.0 = Release|x64
		{E05DD4DB-94E7-4DA7-95D2-A133AEC20534}.Release|x86.ActiveCfg = Release|Win32
		{E05DD4DB-94E7-4DA7-95D2-A133AEC20534}.Release|x86.Build.0 = Release|Win32
	EndGlobalSection
	GlobalSection(SolutionProperties) = preSolution
		HideSolutionNode = FALSE
	EndGlobalSection
	GlobalSection(ExtensibilityGlobals) = postSolution
		SolutionGuid = {E2F75158-8601-4E7F-B004-99403B86F819}
	EndGlobalSection
EndGlobal
